// !$*UTF8*$!
{
	archiveVersion = 1;
	classes = {};
	objectVersion = 56;
	objects = {
		864E08F3BDF37BB03CBDEEE3 = {isa = PBXFileReference; lastKnownFileType = sourcecode.c.objc; path = "OVDownloader.m"; sourceTree = "<group>"; };
		2AFD7610917160DF2560A488 = {isa = PBXFileReference; lastKnownFileType = sourcecode.c.objc; path = "OVLocale.m"; sourceTree = "<group>"; };
		13ED97564FF6ABECBF1DF337 = {isa = PBXFileReference; lastKnownFileType = sourcecode.c.objc; path = "OVMemory.m"; sourceTree = "<group>"; };
		9C93670019867026C6402DED = {isa = PBXFileReference; lastKnownFileType = sourcecode.c.objc; path = "OVModels.m"; sourceTree = "<group>"; };
		E569107642A327866A6E44D6 = {isa = PBXFileReference; lastKnownFileType = sourcecode.c.objc; path = "OVModelsPage.m"; sourceTree = "<group>"; };
		A02DF436F614F4D74024167E = {isa = PBXFileReference; lastKnownFileType = sourcecode.c.objc; path = "OVPaths.m"; sourceTree = "<group>"; };
		BB73A94CBD4025CFE0DE8F35 = {isa = PBXFileReference; lastKnownFileType = sourcecode.c.objc; path = "OVRuntime.m"; sourceTree = "<group>"; };
		BD099567AE38E1FABADB549F = {isa = PBXFileReference; lastKnownFileType = sourcecode.c.objc; path = "OVSettingsPage.m"; sourceTree = "<group>"; };
		9FA9D096054909C2F6F4E5E3 = {isa = PBXFileReference; lastKnownFileType = sourcecode.c.objc; path = "OVSetupPage.m"; sourceTree = "<group>"; };
		82A8DB443645499ED1CECB33 = {isa = PBXFileReference; lastKnownFileType = sourcecode.c.objc; path = "OVStore.m"; sourceTree = "<group>"; };
		A970DD3493A39B07AB8A17E0 = {isa = PBXFileReference; lastKnownFileType = sourcecode.c.objc; path = "OVSynthPage.m"; sourceTree = "<group>"; };
		FAB3CDC102561B1123221B13 = {isa = PBXFileReference; lastKnownFileType = sourcecode.c.objc; path = "OVUI.m"; sourceTree = "<group>"; };
		5E55B5291ABDB44D561D1295 = {isa = PBXFileReference; lastKnownFileType = sourcecode.c.objc; path = "OVVoicesPage.m"; sourceTree = "<group>"; };
		E345216EEB3C40592B1A96F1 = {isa = PBXFileReference; lastKnownFileType = sourcecode.c.objc; path = "OVWorker.m"; sourceTree = "<group>"; };
		B386784EF5D6B207264B5177 = {isa = PBXFileReference; lastKnownFileType = sourcecode.c.objc; path = "main.m"; sourceTree = "<group>"; };
		0A5EE9B21629D5F0E73D2715 = {isa = PBXFileReference; lastKnownFileType = sourcecode.c.h; path = "OVDownloader.h"; sourceTree = "<group>"; };
		943EB5B17C25CD96D75FF2D7 = {isa = PBXFileReference; lastKnownFileType = sourcecode.c.h; path = "OVLocale.h"; sourceTree = "<group>"; };
		38F67F5163DD88A4B440EE9C = {isa = PBXFileReference; lastKnownFileType = sourcecode.c.h; path = "OVMemory.h"; sourceTree = "<group>"; };
		71159F7778D1825384976C54 = {isa = PBXFileReference; lastKnownFileType = sourcecode.c.h; path = "OVModels.h"; sourceTree = "<group>"; };
		71857FC619D161C96F6C924D = {isa = PBXFileReference; lastKnownFileType = sourcecode.c.h; path = "OVPages.h"; sourceTree = "<group>"; };
		6A0C7C8948903905884EEB67 = {isa = PBXFileReference; lastKnownFileType = sourcecode.c.h; path = "OVPaths.h"; sourceTree = "<group>"; };
		DFB042035F3F0BDC0C403FEC = {isa = PBXFileReference; lastKnownFileType = sourcecode.c.h; path = "OVRuntime.h"; sourceTree = "<group>"; };
		9DE82A62246A46818741B623 = {isa = PBXFileReference; lastKnownFileType = sourcecode.c.h; path = "OVStore.h"; sourceTree = "<group>"; };
		E153606E3A8CEB1B520F89BD = {isa = PBXFileReference; lastKnownFileType = sourcecode.c.h; path = "OVUI.h"; sourceTree = "<group>"; };
		276506F293750D51BA26026D = {isa = PBXFileReference; lastKnownFileType = sourcecode.c.h; path = "OVWorker.h"; sourceTree = "<group>"; };
		6EBDCB0ECB002B73AC7674A6 = {isa = PBXFileReference; lastKnownFileType = text.script.python; path = "worker.py"; sourceTree = "<group>"; };
		E34671B84360ABBFBBB0C5D2 = {isa = PBXFileReference; lastKnownFileType = text.plist.xml; path = "Info.plist"; sourceTree = "<group>"; };
		B86936E025C7EB7ED20F92F1 = {isa = PBXFileReference; lastKnownFileType = text.plist.entitlements; path = "CloneNSpeak.entitlements"; sourceTree = "<group>"; };
		BBC218D18BC37D672146A837 = {isa = PBXBuildFile; fileRef = 864E08F3BDF37BB03CBDEEE3; };
		B7D16A9BF0D90E762F7307F6 = {isa = PBXBuildFile; fileRef = 2AFD7610917160DF2560A488; };
		D9973EB445C876154F17A8EC = {isa = PBXBuildFile; fileRef = 13ED97564FF6ABECBF1DF337; };
		E726E5B282BB20F92E7A6883 = {isa = PBXBuildFile; fileRef = 9C93670019867026C6402DED; };
		B77F76F50ED9994D7C1612E9 = {isa = PBXBuildFile; fileRef = E569107642A327866A6E44D6; };
		54314EF3A3D3F980ED80141B = {isa = PBXBuildFile; fileRef = A02DF436F614F4D74024167E; };
		6610D6AD9FDFFCEFA9361A57 = {isa = PBXBuildFile; fileRef = BB73A94CBD4025CFE0DE8F35; };
		E1035C2F3CEBB9586CEBD26C = {isa = PBXBuildFile; fileRef = BD099567AE38E1FABADB549F; };
		48BFBA0A315AB6FFD22A6A9C = {isa = PBXBuildFile; fileRef = 9FA9D096054909C2F6F4E5E3; };
		B4964DB1192625788E8FA547 = {isa = PBXBuildFile; fileRef = 82A8DB443645499ED1CECB33; };
		41C73FA7F9D1E7900DC5A17C = {isa = PBXBuildFile; fileRef = A970DD3493A39B07AB8A17E0; };
		9DB47566484D13AA103FE12C = {isa = PBXBuildFile; fileRef = FAB3CDC102561B1123221B13; };
		281646254C5A8B7EEA1F1043 = {isa = PBXBuildFile; fileRef = 5E55B5291ABDB44D561D1295; };
		4ECDF4893AA5C2FE5427B3BB = {isa = PBXBuildFile; fileRef = E345216EEB3C40592B1A96F1; };
		2726C8A3266179D2332BD41A = {isa = PBXBuildFile; fileRef = B386784EF5D6B207264B5177; };
		B8741EA3DB83ADADDF258E9A = {isa = PBXBuildFile; fileRef = 6EBDCB0ECB002B73AC7674A6; };
		E4285768E1A4312D769304E8 = {isa = PBXFileReference; lastKnownFileType = text.plist.strings; name = en; path = "en.lproj/InfoPlist.strings"; sourceTree = "<group>"; };
		3E0F79E7CB16F37627876167 = {isa = PBXFileReference; lastKnownFileType = text.plist.strings; name = ru; path = "ru.lproj/InfoPlist.strings"; sourceTree = "<group>"; };
		5547CF1509677EB66F6E37EE = {isa = PBXVariantGroup; children = (E4285768E1A4312D769304E8, 3E0F79E7CB16F37627876167); name = "InfoPlist.strings"; sourceTree = "<group>"; };
		6B1B11C3AA741493A5651A31 = {isa = PBXBuildFile; fileRef = 5547CF1509677EB66F6E37EE; };
		FBBBD9A5FE932093538FE953 = {isa = PBXFileReference; lastKnownFileType = text.plist.strings; name = ru; path = "ru.lproj/Localizable.strings"; sourceTree = "<group>"; };
		2FB7259B4E681F371F9FD735 = {isa = PBXVariantGroup; children = (FBBBD9A5FE932093538FE953); name = "Localizable.strings"; sourceTree = "<group>"; };
		ACF3DBA92FD45DA4CB7F0E19 = {isa = PBXBuildFile; fileRef = 2FB7259B4E681F371F9FD735; };
		AE6ED26E97439BDB55DC1A24 = {isa = PBXFileReference; lastKnownFileType = wrapper.framework; name = Cocoa.framework; path = System/Library/Frameworks/Cocoa.framework; sourceTree = SDKROOT; };
		899848ADFD12A3CBA9FC3A7F = {isa = PBXBuildFile; fileRef = AE6ED26E97439BDB55DC1A24; };
		7B97DE038638D5AA9B9E1C9C = {isa = PBXFileReference; lastKnownFileType = wrapper.framework; name = AVFAudio.framework; path = System/Library/Frameworks/AVFAudio.framework; sourceTree = SDKROOT; };
		22F509A47AB75FA56AF71FF3 = {isa = PBXBuildFile; fileRef = 7B97DE038638D5AA9B9E1C9C; };
		38CACD5708A840F78EE18558 = {isa = PBXFileReference; lastKnownFileType = wrapper.framework; name = AVFoundation.framework; path = System/Library/Frameworks/AVFoundation.framework; sourceTree = SDKROOT; };
		CF3DA04EFD634DC954813CBF = {isa = PBXBuildFile; fileRef = 38CACD5708A840F78EE18558; };
		F7A52FC4AABFC6DA4C43939C = {isa = PBXFileReference; lastKnownFileType = wrapper.framework; name = UniformTypeIdentifiers.framework; path = System/Library/Frameworks/UniformTypeIdentifiers.framework; sourceTree = SDKROOT; };
		BEDDC122251D13A335D94C74 = {isa = PBXBuildFile; fileRef = F7A52FC4AABFC6DA4C43939C; };
		DC270ED83F8257B9A82166BF = {isa = PBXFileReference; lastKnownFileType = wrapper.framework; name = NaturalLanguage.framework; path = System/Library/Frameworks/NaturalLanguage.framework; sourceTree = SDKROOT; };
		CFEF09B6240C3410FCC65E75 = {isa = PBXBuildFile; fileRef = DC270ED83F8257B9A82166BF; };
		D2A57DC1D883FD21FB995169 = {isa = PBXFileReference; explicitFileType = wrapper.application; includeInIndex = 0; path = "Clone'n'Speak.app"; sourceTree = BUILT_PRODUCTS_DIR; };
		25D902C24283AB8CFBAC54DF = {isa = PBXGroup; children = (864E08F3BDF37BB03CBDEEE3, 2AFD7610917160DF2560A488, 13ED97564FF6ABECBF1DF337, 9C93670019867026C6402DED, E569107642A327866A6E44D6, A02DF436F614F4D74024167E, BB73A94CBD4025CFE0DE8F35, BD099567AE38E1FABADB549F, 9FA9D096054909C2F6F4E5E3, 82A8DB443645499ED1CECB33, A970DD3493A39B07AB8A17E0, FAB3CDC102561B1123221B13, 5E55B5291ABDB44D561D1295, E345216EEB3C40592B1A96F1, B386784EF5D6B207264B5177, 0A5EE9B21629D5F0E73D2715, 943EB5B17C25CD96D75FF2D7, 38F67F5163DD88A4B440EE9C, 71159F7778D1825384976C54, 71857FC619D161C96F6C924D, 6A0C7C8948903905884EEB67, DFB042035F3F0BDC0C403FEC, 9DE82A62246A46818741B623, E153606E3A8CEB1B520F89BD, 276506F293750D51BA26026D, 6EBDCB0ECB002B73AC7674A6, E34671B84360ABBFBBB0C5D2, B86936E025C7EB7ED20F92F1); path = Sources; sourceTree = "<group>"; };
		9B207167E5381C47682C6B4F = {isa = PBXGroup; children = (5547CF1509677EB66F6E37EE, 2FB7259B4E681F371F9FD735); path = Resources; sourceTree = "<group>"; };
		1CB5105001EF368C59336892 = {isa = PBXGroup; children = (AE6ED26E97439BDB55DC1A24, 7B97DE038638D5AA9B9E1C9C, 38CACD5708A840F78EE18558, F7A52FC4AABFC6DA4C43939C, DC270ED83F8257B9A82166BF); name = Frameworks; sourceTree = "<group>"; };
		D6E4A9B6646C62FC48BAA6DD = {isa = PBXGroup; children = (D2A57DC1D883FD21FB995169); name = Products; sourceTree = "<group>"; };
		FAD58DE7366495DB4650CFEF = {isa = PBXGroup; children = (25D902C24283AB8CFBAC54DF, 9B207167E5381C47682C6B4F, 1CB5105001EF368C59336892, D6E4A9B6646C62FC48BAA6DD); sourceTree = "<group>"; };
		DB8B7DCF60E1B2DD9809ACA1 = {isa = PBXSourcesBuildPhase; buildActionMask = 2147483647; files = (BBC218D18BC37D672146A837, B7D16A9BF0D90E762F7307F6, D9973EB445C876154F17A8EC, E726E5B282BB20F92E7A6883, B77F76F50ED9994D7C1612E9, 54314EF3A3D3F980ED80141B, 6610D6AD9FDFFCEFA9361A57, E1035C2F3CEBB9586CEBD26C, 48BFBA0A315AB6FFD22A6A9C, B4964DB1192625788E8FA547, 41C73FA7F9D1E7900DC5A17C, 9DB47566484D13AA103FE12C, 281646254C5A8B7EEA1F1043, 4ECDF4893AA5C2FE5427B3BB, 2726C8A3266179D2332BD41A); runOnlyForDeploymentPostprocessing = 0; };
		A4312C6F8E1F6FA1100F9417 = {isa = PBXResourcesBuildPhase; buildActionMask = 2147483647; files = (B8741EA3DB83ADADDF258E9A, 6B1B11C3AA741493A5651A31, ACF3DBA92FD45DA4CB7F0E19); runOnlyForDeploymentPostprocessing = 0; };
		01F47FAA175FC9A1D3009CF5 = {isa = PBXFrameworksBuildPhase; buildActionMask = 2147483647; files = (899848ADFD12A3CBA9FC3A7F, 22F509A47AB75FA56AF71FF3, CF3DA04EFD634DC954813CBF, BEDDC122251D13A335D94C74, CFEF09B6240C3410FCC65E75); runOnlyForDeploymentPostprocessing = 0; };
		E64927FE480E26AC1453994F = {isa = PBXShellScriptBuildPhase; buildActionMask = 2147483647; files = (); inputPaths = ("$(SRCROOT)/tools/make_icon.m"); name = "App Icon"; outputPaths = ("$(TARGET_BUILD_DIR)/$(UNLOCALIZED_RESOURCES_FOLDER_PATH)/AppIcon.icns"); runOnlyForDeploymentPostprocessing = 0; shellPath = /bin/zsh; shellScript = "set -e\nclang -fobjc-arc -mmacosx-version-min=13.0 -framework Cocoa \"$SRCROOT/tools/make_icon.m\" -o \"$DERIVED_FILE_DIR/make_icon\"\n\"$DERIVED_FILE_DIR/make_icon\" \"$DERIVED_FILE_DIR/icon.png\"\nI=\"$DERIVED_FILE_DIR/AppIcon.iconset\"; mkdir -p \"$I\"\nfor s in 16 32 128 256 512; do sips -z $s $s \"$DERIVED_FILE_DIR/icon.png\" --out \"$I/icon_${s}x${s}.png\" >/dev/null; d=$((s*2)); sips -z $d $d \"$DERIVED_FILE_DIR/icon.png\" --out \"$I/icon_${s}x${s}@2x.png\" >/dev/null; done\niconutil -c icns \"$I\" -o \"$TARGET_BUILD_DIR/$UNLOCALIZED_RESOURCES_FOLDER_PATH/AppIcon.icns\"\n"; };
		42AEFBAE01D2DFD981F7DA7D = {isa = PBXNativeTarget; buildConfigurationList = 26369E1EA4D483984D2043D5; buildPhases = (DB8B7DCF60E1B2DD9809ACA1, 01F47FAA175FC9A1D3009CF5, A4312C6F8E1F6FA1100F9417, E64927FE480E26AC1453994F); buildRules = (); dependencies = (); name = "Clone'n'Speak"; productName = "Clone'n'Speak"; productReference = D2A57DC1D883FD21FB995169; productType = "com.apple.product-type.application"; };
		638A1DC68E43C0A57EEF0228 = {isa = XCBuildConfiguration; buildSettings = {ARCHS = arm64; MACOSX_DEPLOYMENT_TARGET = 13.0; SDKROOT = macosx; CLANG_ENABLE_OBJC_ARC = YES; GCC_TREAT_WARNINGS_AS_ERRORS = YES; ONLY_ACTIVE_ARCH = YES; GCC_OPTIMIZATION_LEVEL = 0; }; name = Debug; };
		2B645610CD3D8D67581A2E9D = {isa = XCBuildConfiguration; buildSettings = {ARCHS = arm64; MACOSX_DEPLOYMENT_TARGET = 13.0; SDKROOT = macosx; CLANG_ENABLE_OBJC_ARC = YES; GCC_TREAT_WARNINGS_AS_ERRORS = YES; }; name = Release; };
		ADF8D10C1FBA999C12F23879 = {isa = XCBuildConfiguration; buildSettings = {INFOPLIST_FILE = Sources/Info.plist; PRODUCT_BUNDLE_IDENTIFIER = com.clonenspeak.mac; PRODUCT_NAME = "Clone'n'Speak"; CODE_SIGN_ENTITLEMENTS = Sources/CloneNSpeak.entitlements; CODE_SIGN_IDENTITY = "-"; CODE_SIGN_STYLE = Manual; ENABLE_HARDENED_RUNTIME = YES; GENERATE_INFOPLIST_FILE = NO; }; name = Debug; };
		6791BF1F1E8A3A0981023556 = {isa = XCBuildConfiguration; buildSettings = {INFOPLIST_FILE = Sources/Info.plist; PRODUCT_BUNDLE_IDENTIFIER = com.clonenspeak.mac; PRODUCT_NAME = "Clone'n'Speak"; CODE_SIGN_ENTITLEMENTS = Sources/CloneNSpeak.entitlements; CODE_SIGN_IDENTITY = "-"; CODE_SIGN_STYLE = Manual; ENABLE_HARDENED_RUNTIME = YES; GENERATE_INFOPLIST_FILE = NO; }; name = Release; };
		DDAF8C69941B6CE3E536EC43 = {isa = XCConfigurationList; buildConfigurations = (638A1DC68E43C0A57EEF0228, 2B645610CD3D8D67581A2E9D); defaultConfigurationIsVisible = 0; defaultConfigurationName = Release; };
		26369E1EA4D483984D2043D5 = {isa = XCConfigurationList; buildConfigurations = (ADF8D10C1FBA999C12F23879, 6791BF1F1E8A3A0981023556); defaultConfigurationIsVisible = 0; defaultConfigurationName = Release; };
		46F86FAA6BBF9AC94A7E4595 = {isa = PBXProject; attributes = {LastUpgradeCheck = 1600; }; buildConfigurationList = DDAF8C69941B6CE3E536EC43; compatibilityVersion = "Xcode 14.0"; developmentRegion = en; hasScannedForEncodings = 0; knownRegions = (Base, en, ru); mainGroup = FAD58DE7366495DB4650CFEF; productRefGroup = D6E4A9B6646C62FC48BAA6DD; projectDirPath = ""; projectRoot = ""; targets = (42AEFBAE01D2DFD981F7DA7D); };
	};
	rootObject = 46F86FAA6BBF9AC94A7E4595;
}
